// !$*UTF8*$!
{
	archiveVersion = 1;
	classes = {
	};
	objectVersion = 77;
	objects = {

/* Begin PBXBuildFile section */
		FBA679242F781F1F00E6F969 /* ContentView.swift in Sources */ = {isa = PBXBuildFile; fileRef = FBA6791B2F781F1F00E6F969 /* ContentView.swift */; };
		FBA679252F781F1F00E6F969 /* MyEngine.swift in Sources */ = {isa = PBXBuildFile; fileRef = FBA679212F781F1F00E6F969 /* MyEngine.swift */; };
		FBA679262F781F1F00E6F969 /* AppDelegate.swift in Sources */ = {isa = PBXBuildFile; fileRef = FBA679162F781F1F00E6F969 /* AppDelegate.swift */; };
		FBA679272F781F1F00E6F969 /* app图标.png in Resources */ = {isa = PBXBuildFile; fileRef = FBA679182F781F1F00E6F969 /* app图标.png */; };
		FBA679282F781F1F00E6F969 /* InfoPlist.strings in Resources */ = {isa = PBXBuildFile; fileRef = FBA6791D2F781F1F00E6F969 /* InfoPlist.strings */; };
		FBA679292F781F1F00E6F969 /* Info.plist in Resources */ = {isa = PBXBuildFile; fileRef = FBA679232F781F1F00E6F969 /* Info.plist */; };
		FBA6792A2F781F1F00E6F969 /* Assets.xcassets in Resources */ = {isa = PBXBuildFile; fileRef = FBA679192F781F1F00E6F969 /* Assets.xcassets */; };
		FBA6792B2F781F1F00E6F969 /* BarIcon.svg in Resources */ = {isa = PBXBuildFile; fileRef = FBA6791A2F781F1F00E6F969 /* BarIcon.svg */; };
		FBA6792C2F781F1F00E6F969 /* Localizable.strings in Resources */ = {isa = PBXBuildFile; fileRef = FBA6791F2F781F1F00E6F969 /* Localizable.strings */; };
		FBA6793E2F781F2900E6F969 /* SettingsView.swift in Sources */ = {isa = PBXBuildFile; fileRef = FBA679372F781F2900E6F969 /* SettingsView.swift */; };
		FBA6793F2F781F2900E6F969 /* RecordRow.swift in Sources */ = {isa = PBXBuildFile; fileRef = FBA679362F781F2900E6F969 /* RecordRow.swift */; };
		FBA679402F781F2900E6F969 /* mainApp.swift in Sources */ = {isa = PBXBuildFile; fileRef = FBA6792D2F781F2900E6F969 /* mainApp.swift */; };
		FBA679412F781F2900E6F969 /* AlertBanner.swift in Sources */ = {isa = PBXBuildFile; fileRef = FBA679342F781F2900E6F969 /* AlertBanner.swift */; };
		FBA679422F781F2900E6F969 /* KeyLogic.swift in Sources */ = {isa = PBXBuildFile; fileRef = FBA679352F781F2900E6F969 /* KeyLogic.swift */; };
		FBA679432F781F2900E6F969 /* MyMap.swift in Sources */ = {isa = PBXBuildFile; fileRef = FBA6792E2F781F2900E6F969 /* MyMap.swift */; };
		FBA679442F781F2900E6F969 /* LICENSE in Resources */ = {isa = PBXBuildFile; fileRef = FBA679302F781F2900E6F969 /* LICENSE */; };
		FBA679452F781F2900E6F969 /* README.md in Resources */ = {isa = PBXBuildFile; fileRef = FBA679332F781F2900E6F969 /* README.md */; };
		FBA679462F781F2900E6F969 /* InfoPlist.strings in Resources */ = {isa = PBXBuildFile; fileRef = FBA6793A2F781F2900E6F969 /* InfoPlist.strings */; };
		FBA679472F781F2900E6F969 /* screenshot.jpg in Resources */ = {isa = PBXBuildFile; fileRef = FBA679312F781F2900E6F969 /* screenshot.jpg */; };
		FBA679482F781F2900E6F969 /* Localizable.strings in Resources */ = {isa = PBXBuildFile; fileRef = FBA6793C2F781F2900E6F969 /* Localizable.strings */; };
/* End PBXBuildFile section */

/* Begin PBXFileReference section */
		FB1430E12F644B6C006D109C /* KeyMapper.app */ = {isa = PBXFileReference; explicitFileType = wrapper.application; includeInIndex = 0; path = KeyMapper.app; sourceTree = BUILT_PRODUCTS_DIR; };
		FBA679162F781F1F00E6F969 /* AppDelegate.swift */ = {isa = PBXFileReference; lastKnownFileType = sourcecode.swift; path = AppDelegate.swift; sourceTree = "<group>"; };
		FBA679182F781F1F00E6F969 /* app图标.png */ = {isa = PBXFileReference; lastKnownFileType = image.png; path = "app图标.png"; sourceTree = "<group>"; };
		FBA679192F781F1F00E6F969 /* Assets.xcassets */ = {isa = PBXFileReference; lastKnownFileType = folder.assetcatalog; path = Assets.xcassets; sourceTree = "<group>"; };
		FBA6791A2F781F1F00E6F969 /* BarIcon.svg */ = {isa = PBXFileReference; lastKnownFileType = text; path = BarIcon.svg; sourceTree = "<group>"; };
		FBA6791B2F781F1F00E6F969 /* ContentView.swift */ = {isa = PBXFileReference; lastKnownFileType = sourcecode.swift; path = ContentView.swift; sourceTree = "<group>"; };
		FBA6791C2F781F1F00E6F969 /* en */ = {isa = PBXFileReference; lastKnownFileType = text.plist.strings; name = en; path = InfoPlist.strings; sourceTree = "<group>"; };
		FBA6791E2F781F1F00E6F969 /* en */ = {isa = PBXFileReference; lastKnownFileType = text.plist.strings; name = en; path = Localizable.strings; sourceTree = "<group>"; };
		FBA679212F781F1F00E6F969 /* MyEngine.swift */ = {isa = PBXFileReference; lastKnownFileType = sourcecode.swift; path = MyEngine.swift; sourceTree = "<group>"; };
		FBA679232F781F1F00E6F969 /* Info.plist */ = {isa = PBXFileReference; lastKnownFileType = text.plist.xml; path = Info.plist; sourceTree = "<group>"; };
		FBA6792D2F781F2900E6F969 /* mainApp.swift */ = {isa = PBXFileReference; lastKnownFileType = sourcecode.swift; path = mainApp.swift; sourceTree = "<group>"; };
		FBA6792E2F781F2900E6F969 /* MyMap.swift */ = {isa = PBXFileReference; lastKnownFileType = sourcecode.swift; path = MyMap.swift; sourceTree = "<group>"; };
		FBA679302F781F2900E6F969 /* LICENSE */ = {isa = PBXFileReference; lastKnownFileType = text; path = LICENSE; sourceTree = "<group>"; };
		FBA679312F781F2900E6F969 /* screenshot.jpg */ = {isa = PBXFileReference; lastKnownFileType = image.jpeg; path = screenshot.jpg; sourceTree = "<group>"; };
		FBA679332F781F2900E6F969 /* README.md */ = {isa = PBXFileReference; lastKnownFileType = net.daringfireball.markdown; path = README.md; sourceTree = "<group>"; };
		FBA679342F781F2900E6F969 /* AlertBanner.swift */ = {isa = PBXFileReference; lastKnownFileType = sourcecode.swift; path = AlertBanner.swift; sourceTree = "<group>"; };
		FBA679352F781F2900E6F969 /* KeyLogic.swift */ = {isa = PBXFileReference; lastKnownFileType = sourcecode.swift; path = KeyLogic.swift; sourceTree = "<group>"; };
		FBA679362F781F2900E6F969 /* RecordRow.swift */ = {isa = PBXFileReference; lastKnownFileType = sourcecode.swift; path = RecordRow.swift; sourceTree = "<group>"; };
		FBA679372F781F2900E6F969 /* SettingsView.swift */ = {isa = PBXFileReference; lastKnownFileType = sourcecode.swift; path = SettingsView.swift; sourceTree = "<group>"; };
		FBA679392F781F2900E6F969 /* zh-Hans */ = {isa = PBXFileReference; lastKnownFileType = text.plist.strings; name = "zh-Hans"; path = InfoPlist.strings; sourceTree = "<group>"; };
		FBA6793B2F781F2900E6F969 /* zh-Hans */ = {isa = PBXFileReference; lastKnownFileType = text.plist.strings; name = "zh-Hans"; path = Localizable.strings; sourceTree = "<group>"; };
/* End PBXFileReference section */

/* Begin PBXFrameworksBuildPhase section */
		FB1430DE2F644B6C006D109C /* Frameworks */ = {
			isa = PBXFrameworksBuildPhase;
			buildActionMask = 2147483647;
			files = (
			);
			runOnlyForDeploymentPostprocessing = 0;
		};
/* End PBXFrameworksBuildPhase section */

/* Begin PBXGroup section */
		FB1430D82F644B6C006D109C = {
			isa = PBXGroup;
			children = (
				FBA679172F781F1F00E6F969 /* App */,
				FBA679192F781F1F00E6F969 /* Assets.xcassets */,
				FBA6791B2F781F1F00E6F969 /* ContentView.swift */,
				FBA679202F781F1F00E6F969 /* en.lproj */,
				FBA679222F781F1F00E6F969 /* Engine */,
				FBA679232F781F1F00E6F969 /* Info.plist */,
				FBA6792D2F781F2900E6F969 /* mainApp.swift */,
				FBA6792F2F781F2900E6F969 /* Models */,
				FBA679322F781F2900E6F969 /* other */,
				FBA679332F781F2900E6F969 /* README.md */,
				FBA679382F781F2900E6F969 /* Views */,
				FBA6793D2F781F2900E6F969 /* zh-Hans.lproj */,
				FB1430E22F644B6C006D109C /* Products */,
			);
			sourceTree = "<group>";
		};
		FB1430E22F644B6C006D109C /* Products */ = {
			isa = PBXGroup;
			children = (
				FB1430E12F644B6C006D109C /* KeyMapper.app */,
			);
			name = Products;
			sourceTree = "<group>";
		};
		FBA679172F781F1F00E6F969 /* App */ = {
			isa = PBXGroup;
			children = (
				FBA679162F781F1F00E6F969 /* AppDelegate.swift */,
			);
			path = App;
			sourceTree = "<group>";
		};
		FBA679202F781F1F00E6F969 /* en.lproj */ = {
			isa = PBXGroup;
			children = (
				FBA6791D2F781F1F00E6F969 /* InfoPlist.strings */,
				FBA6791F2F781F1F00E6F969 /* Localizable.strings */,
			);
			path = en.lproj;
			sourceTree = "<group>";
		};
		FBA679222F781F1F00E6F969 /* Engine */ = {
			isa = PBXGroup;
			children = (
				FBA679212F781F1F00E6F969 /* MyEngine.swift */,
			);
			path = Engine;
			sourceTree = "<group>";
		};
		FBA6792F2F781F2900E6F969 /* Models */ = {
			isa = PBXGroup;
			children = (
				FBA6792E2F781F2900E6F969 /* MyMap.swift */,
			);
			path = Models;
			sourceTree = "<group>";
		};
		FBA679322F781F2900E6F969 /* other */ = {
			isa = PBXGroup;
			children = (
				FBA679302F781F2900E6F969 /* LICENSE */,
				FBA679312F781F2900E6F969 /* screenshot.jpg */,
				FBA679182F781F1F00E6F969 /* app图标.png */,
				FBA6791A2F781F1F00E6F969 /* BarIcon.svg */,
			);
			path = other;
			sourceTree = "<group>";
		};
		FBA679382F781F2900E6F969 /* Views */ = {
			isa = PBXGroup;
			children = (
				FBA679342F781F2900E6F969 /* AlertBanner.swift */,
				FBA679352F781F2900E6F969 /* KeyLogic.swift */,
				FBA679362F781F2900E6F969 /* RecordRow.swift */,
				FBA679372F781F2900E6F969 /* SettingsView.swift */,
			);
			path = Views;
			sourceTree = "<group>";
		};
		FBA6793D2F781F2900E6F969 /* zh-Hans.lproj */ = {
			isa = PBXGroup;
			children = (
				FBA6793A2F781F2900E6F969 /* InfoPlist.strings */,
				FBA6793C2F781F2900E6F969 /* Localizable.strings */,
			);
			path = "zh-Hans.lproj";
			sourceTree = "<group>";
		};
/* End PBXGroup section */

/* Begin PBXNativeTarget section */
		FB1430E02F644B6C006D109C /* KeyMapper */ = {
			isa = PBXNativeTarget;
			buildConfigurationList = FB1430EC2F644B6D006D109C /* Build configuration list for PBXNativeTarget "KeyMapper" */;
			buildPhases = (
				FB1430DD2F644B6C006D109C /* Sources */,
				FB1430DE2F644B6C006D109C /* Frameworks */,
				FB1430DF2F644B6C006D109C /* Resources */,
			);
			buildRules = (
			);
			dependencies = (
			);
			name = KeyMapper;
			packageProductDependencies = (
			);
			productName = keymapper;
			productReference = FB1430E12F644B6C006D109C /* KeyMapper.app */;
			productType = "com.apple.product-type.application";
		};
/* End PBXNativeTarget section */

/* Begin PBXProject section */
		FB1430D92F644B6C006D109C /* Project object */ = {
			isa = PBXProject;
			attributes = {
				BuildIndependentTargetsInParallel = 1;
				LastSwiftUpdateCheck = 2630;
				LastUpgradeCheck = 2630;
				TargetAttributes = {
					FB1430E02F644B6C006D109C = {
						CreatedOnToolsVersion = 26.3;
					};
				};
			};
			buildConfigurationList = FB1430DC2F644B6C006D109C /* Build configuration list for PBXProject "KeyMapper" */;
			developmentRegion = en;
			hasScannedForEncodings = 0;
			knownRegions = (
				en,
				Base,
				"zh-Hans",
			);
			mainGroup = FB1430D82F644B6C006D109C;
			minimizedProjectReferenceProxies = 1;
			preferredProjectObjectVersion = 77;
			productRefGroup = FB1430E22F644B6C006D109C /* Products */;
			projectDirPath = "";
			projectRoot = "";
			targets = (
				FB1430E02F644B6C006D109C /* KeyMapper */,
			);
		};
/* End PBXProject section */

/* Begin PBXResourcesBuildPhase section */
		FB1430DF2F644B6C006D109C /* Resources */ = {
			isa = PBXResourcesBuildPhase;
			buildActionMask = 2147483647;
			files = (
				FBA679272F781F1F00E6F969 /* app图标.png in Resources */,
				FBA679282F781F1F00E6F969 /* InfoPlist.strings in Resources */,
				FBA679442F781F2900E6F969 /* LICENSE in Resources */,
				FBA679452F781F2900E6F969 /* README.md in Resources */,
				FBA679462F781F2900E6F969 /* InfoPlist.strings in Resources */,
				FBA679472F781F2900E6F969 /* screenshot.jpg in Resources */,
				FBA679482F781F2900E6F969 /* Localizable.strings in Resources */,
				FBA679292F781F1F00E6F969 /* Info.plist in Resources */,
				FBA6792A2F781F1F00E6F969 /* Assets.xcassets in Resources */,
				FBA6792B2F781F1F00E6F969 /* BarIcon.svg in Resources */,
				FBA6792C2F781F1F00E6F969 /* Localizable.strings in Resources */,
			);
			runOnlyForDeploymentPostprocessing = 0;
		};
/* End PBXResourcesBuildPhase section */

/* Begin PBXSourcesBuildPhase section */
		FB1430DD2F644B6C006D109C /* Sources */ = {
			isa = PBXSourcesBuildPhase;
			buildActionMask = 2147483647;
			files = (
				FBA6793E2F781F2900E6F969 /* SettingsView.swift in Sources */,
				FBA6793F2F781F2900E6F969 /* RecordRow.swift in Sources */,
				FBA679402F781F2900E6F969 /* mainApp.swift in Sources */,
				FBA679412F781F2900E6F969 /* AlertBanner.swift in Sources */,
				FBA679422F781F2900E6F969 /* KeyLogic.swift in Sources */,
				FBA679432F781F2900E6F969 /* MyMap.swift in Sources */,
				FBA679242F781F1F00E6F969 /* ContentView.swift in Sources */,
				FBA679252F781F1F00E6F969 /* MyEngine.swift in Sources */,
				FBA679262F781F1F00E6F969 /* AppDelegate.swift in Sources */,
			);
			runOnlyForDeploymentPostprocessing = 0;
		};
/* End PBXSourcesBuildPhase section */

/* Begin PBXVariantGroup section */
		FBA6791D2F781F1F00E6F969 /* InfoPlist.strings */ = {
			isa = PBXVariantGroup;
			children = (
				FBA6791C2F781F1F00E6F969 /* en */,
			);
			name = InfoPlist.strings;
			sourceTree = "<group>";
		};
		FBA6791F2F781F1F00E6F969 /* Localizable.strings */ = {
			isa = PBXVariantGroup;
			children = (
				FBA6791E2F781F1F00E6F969 /* en */,
			);
			name = Localizable.strings;
			sourceTree = "<group>";
		};
		FBA6793A2F781F2900E6F969 /* InfoPlist.strings */ = {
			isa = PBXVariantGroup;
			children = (
				FBA679392F781F2900E6F969 /* zh-Hans */,
			);
			name = InfoPlist.strings;
			sourceTree = "<group>";
		};
		FBA6793C2F781F2900E6F969 /* Localizable.strings */ = {
			isa = PBXVariantGroup;
			children = (
				FBA6793B2F781F2900E6F969 /* zh-Hans */,
			);
			name = Localizable.strings;
			sourceTree = "<group>";
		};
/* End PBXVariantGroup section */

/* Begin XCBuildConfiguration section */
		FB1430EA2F644B6D006D109C /* Debug */ = {
			isa = XCBuildConfiguration;
			buildSettings = {
				ALWAYS_SEARCH_USER_PATHS = NO;
				ASSETCATALOG_COMPILER_GENERATE_SWIFT_ASSET_SYMBOL_EXTENSIONS = YES;
				CLANG_ANALYZER_NONNULL = YES;
				CLANG_ANALYZER_NUMBER_OBJECT_CONVERSION = YES_AGGRESSIVE;
				CLANG_CXX_LANGUAGE_STANDARD = "gnu++20";
				CLANG_ENABLE_MODULES = YES;
				CLANG_ENABLE_OBJC_ARC = YES;
				CLANG_ENABLE_OBJC_WEAK = YES;
				CLANG_WARN_BLOCK_CAPTURE_AUTORELEASING = YES;
				CLANG_WARN_BOOL_CONVERSION = YES;
				CLANG_WARN_COMMA = YES;
				CLANG_WARN_CONSTANT_CONVERSION = YES;
				CLANG_WARN_DEPRECATED_OBJC_IMPLEMENTATIONS = YES;
				CLANG_WARN_DIRECT_OBJC_ISA_USAGE = YES_ERROR;
				CLANG_WARN_DOCUMENTATION_COMMENTS = YES;
				CLANG_WARN_EMPTY_BODY = YES;
				CLANG_WARN_ENUM_CONVERSION = YES;
				CLANG_WARN_INFINITE_RECURSION = YES;
				CLANG_WARN_INT_CONVERSION = YES;
				CLANG_WARN_NON_LITERAL_NULL_CONVERSION = YES;
				CLANG_WARN_OBJC_IMPLICIT_RETAIN_SELF = YES;
				CLANG_WARN_OBJC_LITERAL_CONVERSION = YES;
				CLANG_WARN_OBJC_ROOT_CLASS = YES_ERROR;
				CLANG_WARN_QUOTED_INCLUDE_IN_FRAMEWORK_HEADER = YES;
				CLANG_WARN_RANGE_LOOP_ANALYSIS = YES;
				CLANG_WARN_STRICT_PROTOTYPES = YES;
				CLANG_WARN_SUSPICIOUS_MOVE = YES;
				CLANG_WARN_UNGUARDED_AVAILABILITY = YES_AGGRESSIVE;
				CLANG_WARN_UNREACHABLE_CODE = YES;
				CLANG_WARN__DUPLICATE_METHOD_MATCH = YES;
				COPY_PHASE_STRIP = NO;
				DEBUG_INFORMATION_FORMAT = dwarf;
				ENABLE_STRICT_OBJC_MSGSEND = YES;
				ENABLE_TESTABILITY = YES;
				ENABLE_USER_SCRIPT_SANDBOXING = YES;
				GCC_C_LANGUAGE_STANDARD = gnu17;
				GCC_DYNAMIC_NO_PIC = NO;
				GCC_NO_COMMON_BLOCKS = YES;
				GCC_OPTIMIZATION_LEVEL = 0;
				GCC_PREPROCESSOR_DEFINITIONS = (
					"DEBUG=1",
					"$(inherited)",
				);
				GCC_WARN_64_TO_32_BIT_CONVERSION = YES;
				GCC_WARN_ABOUT_RETURN_TYPE = YES_ERROR;
				GCC_WARN_UNDECLARED_SELECTOR = YES;
				GCC_WARN_UNINITIALIZED_AUTOS = YES_AGGRESSIVE;
				GCC_WARN_UNUSED_FUNCTION = YES;
				GCC_WARN_UNUSED_VARIABLE = YES;
				LOCALIZATION_PREFERS_STRING_CATALOGS = YES;
				MACOSX_DEPLOYMENT_TARGET = 26.2;
				MTL_ENABLE_DEBUG_INFO = INCLUDE_SOURCE;
				MTL_FAST_MATH = YES;
				ONLY_ACTIVE_ARCH = YES;
				SDKROOT = macosx;
				SWIFT_ACTIVE_COMPILATION_CONDITIONS = "DEBUG $(inherited)";
				SWIFT_OPTIMIZATION_LEVEL = "-Onone";
			};
			name = Debug;
		};
		FB1430EB2F644B6D006D109C /* Release */ = {
			isa = XCBuildConfiguration;
			buildSettings = {
				ALWAYS_SEARCH_USER_PATHS = NO;
				ASSETCATALOG_COMPILER_GENERATE_SWIFT_ASSET_SYMBOL_EXTENSIONS = YES;
				CLANG_ANALYZER_NONNULL = YES;
				CLANG_ANALYZER_NUMBER_OBJECT_CONVERSION = YES_AGGRESSIVE;
				CLANG_CXX_LANGUAGE_STANDARD = "gnu++20";
				CLANG_ENABLE_MODULES = YES;
				CLANG_ENABLE_OBJC_ARC = YES;
				CLANG_ENABLE_OBJC_WEAK = YES;
				CLANG_WARN_BLOCK_CAPTURE_AUTORELEASING = YES;
				CLANG_WARN_BOOL_CONVERSION = YES;
				CLANG_WARN_COMMA = YES;
				CLANG_WARN_CONSTANT_CONVERSION = YES;
				CLANG_WARN_DEPRECATED_OBJC_IMPLEMENTATIONS = YES;
				CLANG_WARN_DIRECT_OBJC_ISA_USAGE = YES_ERROR;
				CLANG_WARN_DOCUMENTATION_COMMENTS = YES;
				CLANG_WARN_EMPTY_BODY = YES;
				CLANG_WARN_ENUM_CONVERSION = YES;
				CLANG_WARN_INFINITE_RECURSION = YES;
				CLANG_WARN_INT_CONVERSION = YES;
				CLANG_WARN_NON_LITERAL_NULL_CONVERSION = YES;
				CLANG_WARN_OBJC_IMPLICIT_RETAIN_SELF = YES;
				CLANG_WARN_OBJC_LITERAL_CONVERSION = YES;
				CLANG_WARN_OBJC_ROOT_CLASS = YES_ERROR;
				CLANG_WARN_QUOTED_INCLUDE_IN_FRAMEWORK_HEADER = YES;
				CLANG_WARN_RANGE_LOOP_ANALYSIS = YES;
				CLANG_WARN_STRICT_PROTOTYPES = YES;
				CLANG_WARN_SUSPICIOUS_MOVE = YES;
				CLANG_WARN_UNGUARDED_AVAILABILITY = YES_AGGRESSIVE;
				CLANG_WARN_UNREACHABLE_CODE = YES;
				CLANG_WARN__DUPLICATE_METHOD_MATCH = YES;
				COPY_PHASE_STRIP = NO;
				DEBUG_INFORMATION_FORMAT = "dwarf-with-dsym";
				ENABLE_NS_ASSERTIONS = NO;
				ENABLE_STRICT_OBJC_MSGSEND = YES;
				ENABLE_USER_SCRIPT_SANDBOXING = YES;
				GCC_C_LANGUAGE_STANDARD = gnu17;
				GCC_NO_COMMON_BLOCKS = YES;
				GCC_WARN_64_TO_32_BIT_CONVERSION = YES;
				GCC_WARN_ABOUT_RETURN_TYPE = YES_ERROR;
				GCC_WARN_UNDECLARED_SELECTOR = YES;
				GCC_WARN_UNINITIALIZED_AUTOS = YES_AGGRESSIVE;
				GCC_WARN_UNUSED_FUNCTION = YES;
				GCC_WARN_UNUSED_VARIABLE = YES;
				LOCALIZATION_PREFERS_STRING_CATALOGS = YES;
				MACOSX_DEPLOYMENT_TARGET = 26.2;
				MTL_ENABLE_DEBUG_INFO = NO;
				MTL_FAST_MATH = YES;
				SDKROOT = macosx;
				SWIFT_COMPILATION_MODE = wholemodule;
			};
			name = Release;
		};
		FB1430ED2F644B6D006D109C /* Debug */ = {
			isa = XCBuildConfiguration;
			buildSettings = {
				ASSETCATALOG_COMPILER_APPICON_NAME = AppIcon;
				ASSETCATALOG_COMPILER_GLOBAL_ACCENT_COLOR_NAME = AccentColor;
				ASSETCATALOG_COMPILER_INCLUDE_ALL_APPICON_ASSETS = YES;
				CODE_SIGN_STYLE = Automatic;
				COMBINE_HIDPI_IMAGES = YES;
				CURRENT_PROJECT_VERSION = 1;
				ENABLE_APP_SANDBOX = NO;
				ENABLE_PREVIEWS = YES;
				GENERATE_INFOPLIST_FILE = YES;
				INFOPLIST_FILE = Info.plist;
				INFOPLIST_KEY_NSHumanReadableCopyright = "";
				LD_RUNPATH_SEARCH_PATHS = (
					"$(inherited)",
					"@executable_path/../Frameworks",
				);
				MACOSX_DEPLOYMENT_TARGET = 13.5;
				MARKETING_VERSION = 1.0;
				PRODUCT_BUNDLE_IDENTIFIER = bkh.KeyMapper;
				PRODUCT_NAME = "$(TARGET_NAME)";
				REGISTER_APP_GROUPS = YES;
				STRING_CATALOG_GENERATE_SYMBOLS = YES;
				SWIFT_APPROACHABLE_CONCURRENCY = YES;
				SWIFT_DEFAULT_ACTOR_ISOLATION = MainActor;
				SWIFT_EMIT_LOC_STRINGS = YES;
				SWIFT_UPCOMING_FEATURE_MEMBER_IMPORT_VISIBILITY = YES;
				SWIFT_VERSION = 5.0;
			};
			name = Debug;
		};
		FB1430EE2F644B6D006D109C /* Release */ = {
			isa = XCBuildConfiguration;
			buildSettings = {
				ASSETCATALOG_COMPILER_APPICON_NAME = AppIcon;
				ASSETCATALOG_COMPILER_GLOBAL_ACCENT_COLOR_NAME = AccentColor;
				ASSETCATALOG_COMPILER_INCLUDE_ALL_APPICON_ASSETS = YES;
				CODE_SIGN_STYLE = Automatic;
				COMBINE_HIDPI_IMAGES = YES;
				CURRENT_PROJECT_VERSION = 1;
				ENABLE_APP_SANDBOX = NO;
				ENABLE_PREVIEWS = YES;
				GENERATE_INFOPLIST_FILE = YES;
				INFOPLIST_FILE = Info.plist;
				INFOPLIST_KEY_NSHumanReadableCopyright = "";
				LD_RUNPATH_SEARCH_PATHS = (
					"$(inherited)",
					"@executable_path/../Frameworks",
				);
				MACOSX_DEPLOYMENT_TARGET = 13.5;
				MARKETING_VERSION = 1.0;
				PRODUCT_BUNDLE_IDENTIFIER = bkh.KeyMapper;
				PRODUCT_NAME = "$(TARGET_NAME)";
				REGISTER_APP_GROUPS = YES;
				STRING_CATALOG_GENERATE_SYMBOLS = YES;
				SWIFT_APPROACHABLE_CONCURRENCY = YES;
				SWIFT_DEFAULT_ACTOR_ISOLATION = MainActor;
				SWIFT_EMIT_LOC_STRINGS = YES;
				SWIFT_UPCOMING_FEATURE_MEMBER_IMPORT_VISIBILITY = YES;
				SWIFT_VERSION = 5.0;
			};
			name = Release;
		};
/* End XCBuildConfiguration section */

/* Begin XCConfigurationList section */
		FB1430DC2F644B6C006D109C /* Build configuration list for PBXProject "KeyMapper" */ = {
			isa = XCConfigurationList;
			buildConfigurations = (
				FB1430EA2F644B6D006D109C /* Debug */,
				FB1430EB2F644B6D006D109C /* Release */,
			);
			defaultConfigurationIsVisible = 0;
			defaultConfigurationName = Release;
		};
		FB1430EC2F644B6D006D109C /* Build configuration list for PBXNativeTarget "KeyMapper" */ = {
			isa = XCConfigurationList;
			buildConfigurations = (
				FB1430ED2F644B6D006D109C /* Debug */,
				FB1430EE2F644B6D006D109C /* Release */,
			);
			defaultConfigurationIsVisible = 0;
			defaultConfigurationName = Release;
		};
/* End XCConfigurationList section */
	};
	rootObject = FB1430D92F644B6C006D109C /* Project object */;
}
